generated: '2026-08-15'
source: huggingface.co /api/models + /tree (LFS oid = sha256)
verify_at_staging: snapshot_download(revision=<sha>) then sha256sum each file; mismatch
  aborts Day 0
models:
  Qwen/Qwen3-32B:
    revision: 9216db5781bf21249d130ec9da846c4624c16137
    safetensors_sha256:
      model-00001-of-00017.safetensors: 52562b2ff97b61764260273e71bf5b4cf8a66f569399398f26dec0300fcf1316
      model-00002-of-00017.safetensors: e26764b2c6878e3fb7198895fa833ec62838d84a19665e6abfbae43c6daf02b3
      model-00003-of-00017.safetensors: 6c5ba7bed9c52bc121e75cbe8a7be46936d0006cc80f42a6d5886ed40b4c2a62
      model-00004-of-00017.safetensors: f736f6ac4d8c30866107fb1185a05b3c3cfce9717720082f466fa44e691bcec8
      model-00005-of-00017.safetensors: a52ed375c083209c54d42ac510afeb1fbb5af4f193be2dc7d103f665a0f212d3
      model-00006-of-00017.safetensors: 37fae28990b0e4a70228549d040c0393e87bee3820d59e58e47844974d8dff5b
      model-00007-of-00017.safetensors: 37776006aeaba29eca8bc73b2b963fe3477e1c2e3f6a27cb9527be75b905e1bf
      model-00008-of-00017.safetensors: 73e74e9129674fe330948005075d70ab4fa0b92b68fb220c5a693f9cea553730
      model-00009-of-00017.safetensors: a044b3602a01bd8ea62ff51badf9cc038ab1d73d97399480e6a55b4c86fa7fa6
      model-00010-of-00017.safetensors: 9966612ba7ecfc2cd2e592fb95224b86d743271ff88e172cc272a4b26382aa75
      model-00011-of-00017.safetensors: e2a058a0ac7d4b992b731c29221ecfb4b76b8a48d9004d0e8a62ba44f699845c
      model-00012-of-00017.safetensors: 58a1aa89093fea07325f787072a468e3482a470ff4b7fe5ead5f749683907c40
      model-00013-of-00017.safetensors: 35f3381bab31a23370c37d922290aeecdf603418336058fb86fe42d8f51ac40c
      model-00014-of-00017.safetensors: 8713b062ddc178acf5917610b7f4b64eede833b2ea4aa37bd562dcf2f3a3339d
      model-00015-of-00017.safetensors: bec439d23931821a236d8f62fa79deecf5551bd25602278aa2ae0ce432b378cf
      model-00016-of-00017.safetensors: e569139fadd61fe7c8f9eb1c976d9a627cae48c57ddf228cfbd0593c59c64ff7
      model-00017-of-00017.safetensors: 1f47c318fcd7797c0f85b4233cb754438b10e795b8bc874889090c416a94bd38
  Qwen/Qwen3-8B:
    revision: b968826d9c46dd6066d109eabc6255188de91218
    safetensors_sha256:
      model-00001-of-00005.safetensors: 31d6a825ae35f11fb85b195b4c42c146c051e446433125a215336abdf95cbf5f
      model-00002-of-00005.safetensors: 5991236cea6fe21f3d43cab0f0e84448734fbbe0789816202989f2ddc9d18282
      model-00003-of-00005.safetensors: c5185c4794be2d8a9784d5753c9922db38df478ce11f9ed0b415b7304d896836
      model-00004-of-00005.safetensors: b5ee7de71fbf17db3d5704e0c8f2bc7d005ca9e1d7ca2aeb19827b0cfcaa917a
      model-00005-of-00005.safetensors: 20c2d6366ab85c90786ccdd829cd2b9e7d30ef3b2ebbb998280e7e4014b542ff
  Qwen/Qwen3-30B-A3B-Instruct-2507:
    # 2026-08-28: replaces RedHatAI/Llama-3.3-70B-Instruct-FP8-dynamic (could not
    # fit one 79.19 GiB card with R12 headroom at a valid context length).
    # MoE 30.5B total / 3.3B active, bf16, 16 safetensors shards (~57 GiB).
    # PIN PROCEDURE (before main run, after first staging download on the machine):
    #   1. python3 -c "from huggingface_hub import snapshot_download; snapshot_download('Qwen/Qwen3-30B-A3B-Instruct-2507')"
    #   2. record the snapshot commit hash -> set 'revision' below and QWEN3_30B_A3B_REV in serving/serve_qwen3_30b_a3b.sh
    #   3. sha256sum each model-*.safetensors under the snapshot -> fill safetensors_sha256 below
    #      (or: curl the HF /api/models/<id>?blobs=true tree for LFS oids, which ARE sha256)
    #   Until then this entry verifies ZERO files (empty map = skipped) — staging-only state.
    revision: TO_PIN_AT_FIRST_STAGING
    safetensors_sha256: {}
  google/gemma-4-31B-it:
    revision: 842da3794eaa0b77d5f08bae87a17459d91ff475
    safetensors_sha256:
      model-00001-of-00002.safetensors: eeef8791537bc04f110967c513149e037d2a9ae97d49add7291ebfa62806bbfa
      model-00002-of-00002.safetensors: 018912220f559f7025d60333e0996183cd538aa77ad6f4988a89ce47be681f10
